
Microsoft Visual Studio Solution File, Format Version 12.00
# Visual Studio Version 16
VisualStudioVersion = 16.0.29806.167
MinimumVisualStudioVersion = 10.0.40219.1
Project("{FAE04EC0-301F-11D3-BF4B-00C04F79EFBC}") = "TesteRegex", "TesteRegex\TesteRegex.csproj", "{9A55571D-9E37-4E4D-A1E0-FCEF95DE3C38}"
EndProject
Global
	GlobalSection(SolutionConfigurationPlatforms) = preSolution
		Debug|Any CPU = Debug|Any CPU
		Release|Any CPU = Release|Any CPU
	EndGlobalSection
	GlobalSection(ProjectConfigurationPlatforms) = postSolution
		{9A55571D-9E37-4E4D-A1E0-FCEF95DE3C38}.Debug|Any CPU.ActiveCfg = Debug|Any CPU
		{9A55571D-9E37-4E4D-A1E0-FCEF95DE3C38}.Debug|Any CPU.Build.0 = Debug|Any CPU
		{9A55571D-9E37-4E4D-A1E0-FCEF95DE3C38}.Release|Any CPU.ActiveCfg = Release|Any CPU
		{9A55571D-9E37-4E4D-A1E0-FCEF95DE3C38}.Release|Any CPU.Build.0 = Release|Any CPU
	EndGlobalSection
	GlobalSection(SolutionProperties) = preSolution
		HideSolutionNode = FALSE
	EndGlobalSection
	GlobalSection(ExtensibilityGlobals) = postSolution
		SolutionGuid = {4D5E2620-38C5-4988-879A-C511FFDC6600}
	EndGlobalSection
EndGlobal
